
Microsoft Visual Studio Solution File, Format Version 12.00
# Visual Studio 15
VisualStudioVersion = 15.0.28307.421
MinimumVisualStudioVersion = 10.0.40219.1
Project("{FAE04EC0-301F-11D3-BF4B-00C04F79EFBC}") = "画像処理", "画像処理\画像処理.csproj", "{4BF7E090-0969-4C6C-B277-F6EA196A02A5}"
EndProject
Global
	GlobalSection(SolutionConfigurationPlatforms) = preSolution
		Debug|Any CPU = Debug|Any CPU
		Release|Any CPU = Release|Any CPU
	EndGlobalSection
	GlobalSection(ProjectConfigurationPlatforms) = postSolution
		{4BF7E090-0969-4C6C-B277-F6EA196A02A5}.Debug|Any CPU.ActiveCfg = Debug|Any CPU
		{4BF7E090-0969-4C6C-B277-F6EA196A02A5}.Debug|Any CPU.Build.0 = Debug|Any CPU
		{4BF7E090-0969-4C6C-B277-F6EA196A02A5}.Release|Any CPU.ActiveCfg = Release|Any CPU
		{4BF7E090-0969-4C6C-B277-F6EA196A02A5}.Release|Any CPU.Build.0 = Release|Any CPU
	EndGlobalSection
	GlobalSection(SolutionProperties) = preSolution
		HideSolutionNode = FALSE
	EndGlobalSection
	GlobalSection(ExtensibilityGlobals) = postSolution
		SolutionGuid = {894D6A1F-D6F5-4FFD-A9E6-438084BC1F58}
	EndGlobalSection
EndGlobal
